Microsoft Visual Studio Solution File, Format Version 11.00
# Visual Studio 2008

Project("{590E8051-020C-903F-9858-F033EC11CCDA}") = "Baseball-Test", "Assembly-CSharp.csproj", "{F4BB575D-08DA-CFA4-65DE-67B8EE31912F}"
EndProject
Global
	GlobalSection(SolutionConfigurationPlatforms) = preSolution
		Debug|Any CPU = Debug|Any CPU
		Release|Any CPU = Release|Any CPU
	EndGlobalSection
	GlobalSection(ProjectConfigurationPlatforms) = postSolution
		{F4BB575D-08DA-CFA4-65DE-67B8EE31912F}.Debug|Any CPU.ActiveCfg = Debug|Any CPU
		{F4BB575D-08DA-CFA4-65DE-67B8EE31912F}.Debug|Any CPU.Build.0 = Debug|Any CPU
		{F4BB575D-08DA-CFA4-65DE-67B8EE31912F}.Release|Any CPU.ActiveCfg = Release|Any CPU
		{F4BB575D-08DA-CFA4-65DE-67B8EE31912F}.Release|Any CPU.Build.0 = Release|Any CPU
	EndGlobalSection
	GlobalSection(SolutionProperties) = preSolution
		HideSolutionNode = FALSE
	EndGlobalSection
	GlobalSection(MonoDevelopProperties) = preSolution
		StartupItem = Assembly-CSharp.csproj
	EndGlobalSection
EndGlobal
